
Microsoft Visual Studio Solution File, Format Version 12.00
# Visual Studio Version 16
VisualStudioVersion = 16.0.29709.97
MinimumVisualStudioVersion = 10.0.40219.1
Project("{FAE04EC0-301F-11D3-BF4B-00C04F79EFBC}") = "ExpectPostmanTest", "ExpectPostmanTest\ExpectPostmanTest.csproj", "{98FA4FD7-C6ED-40BD-8ABC-921D8AFD3C1B}"
EndProject
Global
	GlobalSection(SolutionConfigurationPlatforms) = preSolution
		Debug|Any CPU = Debug|Any CPU
		Release|Any CPU = Release|Any CPU
	EndGlobalSection
	GlobalSection(ProjectConfigurationPlatforms) = postSolution
		{98FA4FD7-C6ED-40BD-8ABC-921D8AFD3C1B}.Debug|Any CPU.ActiveCfg = Debug|Any CPU
		{98FA4FD7-C6ED-40BD-8ABC-921D8AFD3C1B}.Debug|Any CPU.Build.0 = Debug|Any CPU
		{98FA4FD7-C6ED-40BD-8ABC-921D8AFD3C1B}.Release|Any CPU.ActiveCfg = Release|Any CPU
		{98FA4FD7-C6ED-40BD-8ABC-921D8AFD3C1B}.Release|Any CPU.Build.0 = Release|Any CPU
	EndGlobalSection
	GlobalSection(SolutionProperties) = preSolution
		HideSolutionNode = FALSE
	EndGlobalSection
	GlobalSection(ExtensibilityGlobals) = postSolution
		SolutionGuid = {EFFD5284-81E8-40FC-9877-517C60FB3230}
	EndGlobalSection
EndGlobal
